// !$*UTF8*$!
{
	archiveVersion = 1;
	classes = {
	};
	objectVersion = 55;
	objects = {

/* Begin PBXBuildFile section */
		4D59E35B27D2964800CD9852 /* AppDelegate.swift in Sources */ = {isa = PBXBuildFile; fileRef = 4D59E35A27D2964800CD9852 /* AppDelegate.swift */; };
		4D59E35D27D2964800CD9852 /* SceneDelegate.swift in Sources */ = {isa = PBXBuildFile; fileRef = 4D59E35C27D2964800CD9852 /* SceneDelegate.swift */; };
		4D59E35F27D2964800CD9852 /* ViewController.swift in Sources */ = {isa = PBXBuildFile; fileRef = 4D59E35E27D2964800CD9852 /* ViewController.swift */; };
		4D59E36227D2964800CD9852 /* Main.storyboard in Resources */ = {isa = PBXBuildFile; fileRef = 4D59E36027D2964800CD9852 /* Main.storyboard */; };
		4D59E36427D2965000CD9852 /* Assets.xcassets in Resources */ = {isa = PBXBuildFile; fileRef = 4D59E36327D2965000CD9852 /* Assets.xcassets */; };
		4D59E36727D2965000CD9852 /* LaunchScreen.storyboard in Resources */ = {isa = PBXBuildFile; fileRef = 4D59E36527D2965000CD9852 /* LaunchScreen.storyboard */; };
		4D59E37227D2965000CD9852 /* Test_AppTests.swift in Sources */ = {isa = PBXBuildFile; fileRef = 4D59E37127D2965000CD9852 /* Test_AppTests.swift */; };
		4D59E37C27D2965000CD9852 /* Test_AppUITests.swift in Sources */ = {isa = PBXBuildFile; fileRef = 4D59E37B27D2965000CD9852 /* Test_AppUITests.swift */; };
		4D59E37E27D2965000CD9852 /* Test_AppUITestsLaunchTests.swift in Sources */ = {isa = PBXBuildFile; fileRef = 4D59E37D27D2965000CD9852 /* Test_AppUITestsLaunchTests.swift */; };
		8EC3366F2A3A510C0035B8F2 /* ImagesModel.swift in Sources */ = {isa = PBXBuildFile; fileRef = 8EC3366E2A3A510C0035B8F2 /* ImagesModel.swift */; };
		8EC336712A3A51180035B8F2 /* ProfileModel.swift in Sources */ = {isa = PBXBuildFile; fileRef = 8EC336702A3A51180035B8F2 /* ProfileModel.swift */; };
		8EC336732A3A56260035B8F2 /* ProductModel.swift in Sources */ = {isa = PBXBuildFile; fileRef = 8EC336722A3A56260035B8F2 /* ProductModel.swift */; };
		8EC336762A3A56A00035B8F2 /* ServiceCalls.swift in Sources */ = {isa = PBXBuildFile; fileRef = 8EC336752A3A56A00035B8F2 /* ServiceCalls.swift */; };
		8EC336782A3A578A0035B8F2 /* Constants.swift in Sources */ = {isa = PBXBuildFile; fileRef = 8EC336772A3A578A0035B8F2 /* Constants.swift */; };
		8EC3367D2A3A5A500035B8F2 /* ProductPageView.swift in Sources */ = {isa = PBXBuildFile; fileRef = 8EC3367C2A3A5A500035B8F2 /* ProductPageView.swift */; };
		8EC3367F2A3A5A6C0035B8F2 /* ProductPageView.xib in Resources */ = {isa = PBXBuildFile; fileRef = 8EC3367E2A3A5A6C0035B8F2 /* ProductPageView.xib */; };
		8EC336812A3A5D030035B8F2 /* ProductPageViewModel.swift in Sources */ = {isa = PBXBuildFile; fileRef = 8EC336802A3A5D030035B8F2 /* ProductPageViewModel.swift */; };
		8EC336832A3A5D2D0035B8F2 /* FlipPageViewModel.swift in Sources */ = {isa = PBXBuildFile; fileRef = 8EC336822A3A5D2D0035B8F2 /* FlipPageViewModel.swift */; };
/* End PBXBuildFile section */

/* Begin PBXContainerItemProxy section */
		4D59E36E27D2965000CD9852 /* PBXContainerItemProxy */ = {
			isa = PBXContainerItemProxy;
			containerPortal = 4D59E34F27D2964800CD9852 /* Project object */;
			proxyType = 1;
			remoteGlobalIDString = 4D59E35627D2964800CD9852;
			remoteInfo = "Test App";
		};
		4D59E37827D2965000CD9852 /* PBXContainerItemProxy */ = {
			isa = PBXContainerItemProxy;
			containerPortal = 4D59E34F27D2964800CD9852 /* Project object */;
			proxyType = 1;
			remoteGlobalIDString = 4D59E35627D2964800CD9852;
			remoteInfo = "Test App";
		};
/* End PBXContainerItemProxy section */

/* Begin PBXFileReference section */
		4D59E35727D2964800CD9852 /* Test App.app */ = {isa = PBXFileReference; explicitFileType = wrapper.application; includeInIndex = 0; path = "Test App.app"; sourceTree = BUILT_PRODUCTS_DIR; };
		4D59E35A27D2964800CD9852 /* AppDelegate.swift */ = {isa = PBXFileReference; lastKnownFileType = sourcecode.swift; path = AppDelegate.swift; sourceTree = "<group>"; };
		4D59E35C27D2964800CD9852 /* SceneDelegate.swift */ = {isa = PBXFileReference; lastKnownFileType = sourcecode.swift; path = SceneDelegate.swift; sourceTree = "<group>"; };
		4D59E35E27D2964800CD9852 /* ViewController.swift */ = {isa = PBXFileReference; lastKnownFileType = sourcecode.swift; path = ViewController.swift; sourceTree = "<group>"; };
		4D59E36127D2964800CD9852 /* Base */ = {isa = PBXFileReference; lastKnownFileType = file.storyboard; name = Base; path = Base.lproj/Main.storyboard; sourceTree = "<group>"; };
		4D59E36327D2965000CD9852 /* Assets.xcassets */ = {isa = PBXFileReference; lastKnownFileType = folder.assetcatalog; path = Assets.xcassets; sourceTree = "<group>"; };
		4D59E36627D2965000CD9852 /* Base */ = {isa = PBXFileReference; lastKnownFileType = file.storyboard; name = Base; path = Base.lproj/LaunchScreen.storyboard; sourceTree = "<group>"; };
		4D59E36827D2965000CD9852 /* Info.plist */ = {isa = PBXFileReference; lastKnownFileType = text.plist.xml; path = Info.plist; sourceTree = "<group>"; };
		4D59E36D27D2965000CD9852 /* Test AppTests.xctest */ = {isa = PBXFileReference; explicitFileType = wrapper.cfbundle; includeInIndex = 0; path = "Test AppTests.xctest"; sourceTree = BUILT_PRODUCTS_DIR; };
		4D59E37127D2965000CD9852 /* Test_AppTests.swift */ = {isa = PBXFileReference; lastKnownFileType = sourcecode.swift; path = Test_AppTests.swift; sourceTree = "<group>"; };
		4D59E37727D2965000CD9852 /* Test AppUITests.xctest */ = {isa = PBXFileReference; explicitFileType = wrapper.cfbundle; includeInIndex = 0; path = "Test AppUITests.xctest"; sourceTree = BUILT_PRODUCTS_DIR; };
		4D59E37B27D2965000CD9852 /* Test_AppUITests.swift */ = {isa = PBXFileReference; lastKnownFileType = sourcecode.swift; path = Test_AppUITests.swift; sourceTree = "<group>"; };
		4D59E37D27D2965000CD9852 /* Test_AppUITestsLaunchTests.swift */ = {isa = PBXFileReference; lastKnownFileType = sourcecode.swift; path = Test_AppUITestsLaunchTests.swift; sourceTree = "<group>"; };
		8EC3366E2A3A510C0035B8F2 /* ImagesModel.swift */ = {isa = PBXFileReference; lastKnownFileType = sourcecode.swift; path = ImagesModel.swift; sourceTree = "<group>"; };
		8EC336702A3A51180035B8F2 /* ProfileModel.swift */ = {isa = PBXFileReference; lastKnownFileType = sourcecode.swift; path = ProfileModel.swift; sourceTree = "<group>"; };
		8EC336722A3A56260035B8F2 /* ProductModel.swift */ = {isa = PBXFileReference; lastKnownFileType = sourcecode.swift; path = ProductModel.swift; sourceTree = "<group>"; };
		8EC336752A3A56A00035B8F2 /* ServiceCalls.swift */ = {isa = PBXFileReference; lastKnownFileType = sourcecode.swift; path = ServiceCalls.swift; sourceTree = "<group>"; };
		8EC336772A3A578A0035B8F2 /* Constants.swift */ = {isa = PBXFileReference; lastKnownFileType = sourcecode.swift; path = Constants.swift; sourceTree = "<group>"; };
		8EC3367C2A3A5A500035B8F2 /* ProductPageView.swift */ = {isa = PBXFileReference; lastKnownFileType = sourcecode.swift; path = ProductPageView.swift; sourceTree = "<group>"; };
		8EC3367E2A3A5A6C0035B8F2 /* ProductPageView.xib */ = {isa = PBXFileReference; lastKnownFileType = file.xib; path = ProductPageView.xib; sourceTree = "<group>"; };
		8EC336802A3A5D030035B8F2 /* ProductPageViewModel.swift */ = {isa = PBXFileReference; lastKnownFileType = sourcecode.swift; path = ProductPageViewModel.swift; sourceTree = "<group>"; };
		8EC336822A3A5D2D0035B8F2 /* FlipPageViewModel.swift */ = {isa = PBXFileReference; lastKnownFileType = sourcecode.swift; path = FlipPageViewModel.swift; sourceTree = "<group>"; };
/* End PBXFileReference section */

/* Begin PBXFrameworksBuildPhase section */
		4D59E35427D2964800CD9852 /* Frameworks */ = {
			isa = PBXFrameworksBuildPhase;
			buildActionMask = 2147483647;
			files = (
			);
			runOnlyForDeploymentPostprocessing = 0;
		};
		4D59E36A27D2965000CD9852 /* Frameworks */ = {
			isa = PBXFrameworksBuildPhase;
			buildActionMask = 2147483647;
			files = (
			);
			runOnlyForDeploymentPostprocessing = 0;
		};
		4D59E37427D2965000CD9852 /* Frameworks */ = {
			isa = PBXFrameworksBuildPhase;
			buildActionMask = 2147483647;
			files = (
			);
			runOnlyForDeploymentPostprocessing = 0;
		};
/* End PBXFrameworksBuildPhase section */

/* Begin PBXGroup section */
		4D59E34E27D2964800CD9852 = {
			isa = PBXGroup;
			children = (
				4D59E35927D2964800CD9852 /* Test App */,
				4D59E37027D2965000CD9852 /* Test AppTests */,
				4D59E37A27D2965000CD9852 /* Test AppUITests */,
				4D59E35827D2964800CD9852 /* Products */,
			);
			sourceTree = "<group>";
		};
		4D59E35827D2964800CD9852 /* Products */ = {
			isa = PBXGroup;
			children = (
				4D59E35727D2964800CD9852 /* Test App.app */,
				4D59E36D27D2965000CD9852 /* Test AppTests.xctest */,
				4D59E37727D2965000CD9852 /* Test AppUITests.xctest */,
			);
			name = Products;
			sourceTree = "<group>";
		};
		4D59E35927D2964800CD9852 /* Test App */ = {
			isa = PBXGroup;
			children = (
				8EC336842A3A5DF90035B8F2 /* Protocols */,
				8EC336792A3A59CE0035B8F2 /* Pages */,
				8EC336742A3A56760035B8F2 /* Networking */,
				8EC3366D2A3A50CF0035B8F2 /* Models */,
				4D59E35A27D2964800CD9852 /* AppDelegate.swift */,
				4D59E35C27D2964800CD9852 /* SceneDelegate.swift */,
				4D59E35E27D2964800CD9852 /* ViewController.swift */,
				8EC336822A3A5D2D0035B8F2 /* FlipPageViewModel.swift */,
				4D59E36027D2964800CD9852 /* Main.storyboard */,
				4D59E36327D2965000CD9852 /* Assets.xcassets */,
				4D59E36527D2965000CD9852 /* LaunchScreen.storyboard */,
				4D59E36827D2965000CD9852 /* Info.plist */,
				8EC336772A3A578A0035B8F2 /* Constants.swift */,
			);
			path = "Test App";
			sourceTree = "<group>";
		};
		4D59E37027D2965000CD9852 /* Test AppTests */ = {
			isa = PBXGroup;
			children = (
				4D59E37127D2965000CD9852 /* Test_AppTests.swift */,
			);
			path = "Test AppTests";
			sourceTree = "<group>";
		};
		4D59E37A27D2965000CD9852 /* Test AppUITests */ = {
			isa = PBXGroup;
			children = (
				4D59E37B27D2965000CD9852 /* Test_AppUITests.swift */,
				4D59E37D27D2965000CD9852 /* Test_AppUITestsLaunchTests.swift */,
			);
			path = "Test AppUITests";
			sourceTree = "<group>";
		};
		8EC3366D2A3A50CF0035B8F2 /* Models */ = {
			isa = PBXGroup;
			children = (
				8EC3366E2A3A510C0035B8F2 /* ImagesModel.swift */,
				8EC336702A3A51180035B8F2 /* ProfileModel.swift */,
				8EC336722A3A56260035B8F2 /* ProductModel.swift */,
			);
			path = Models;
			sourceTree = "<group>";
		};
		8EC336742A3A56760035B8F2 /* Networking */ = {
			isa = PBXGroup;
			children = (
				8EC336752A3A56A00035B8F2 /* ServiceCalls.swift */,
			);
			path = Networking;
			sourceTree = "<group>";
		};
		8EC336792A3A59CE0035B8F2 /* Pages */ = {
			isa = PBXGroup;
			children = (
				8EC3367C2A3A5A500035B8F2 /* ProductPageView.swift */,
				8EC3367E2A3A5A6C0035B8F2 /* ProductPageView.xib */,
				8EC336802A3A5D030035B8F2 /* ProductPageViewModel.swift */,
			);
			path = Pages;
			sourceTree = "<group>";
		};
		8EC336842A3A5DF90035B8F2 /* Protocols */ = {
			isa = PBXGroup;
			children = (
			);
			path = Protocols;
			sourceTree = "<group>";
		};
/* End PBXGroup section */

/* Begin PBXNativeTarget section */
		4D59E35627D2964800CD9852 /* Test App */ = {
			isa = PBXNativeTarget;
			buildConfigurationList = 4D59E38127D2965000CD9852 /* Build configuration list for PBXNativeTarget "Test App" */;
			buildPhases = (
				4D59E35327D2964800CD9852 /* Sources */,
				4D59E35427D2964800CD9852 /* Frameworks */,
				4D59E35527D2964800CD9852 /* Resources */,
			);
			buildRules = (
			);
			dependencies = (
			);
			name = "Test App";
			productName = "Test App";
			productReference = 4D59E35727D2964800CD9852 /* Test App.app */;
			productType = "com.apple.product-type.application";
		};
		4D59E36C27D2965000CD9852 /* Test AppTests */ = {
			isa = PBXNativeTarget;
			buildConfigurationList = 4D59E38427D2965000CD9852 /* Build configuration list for PBXNativeTarget "Test AppTests" */;
			buildPhases = (
				4D59E36927D2965000CD9852 /* Sources */,
				4D59E36A27D2965000CD9852 /* Frameworks */,
				4D59E36B27D2965000CD9852 /* Resources */,
			);
			buildRules = (
			);
			dependencies = (
				4D59E36F27D2965000CD9852 /* PBXTargetDependency */,
			);
			name = "Test AppTests";
			productName = "Test AppTests";
			productReference = 4D59E36D27D2965000CD9852 /* Test AppTests.xctest */;
			productType = "com.apple.product-type.bundle.unit-test";
		};
		4D59E37627D2965000CD9852 /* Test AppUITests */ = {
			isa = PBXNativeTarget;
			buildConfigurationList = 4D59E38727D2965000CD9852 /* Build configuration list for PBXNativeTarget "Test AppUITests" */;
			buildPhases = (
				4D59E37327D2965000CD9852 /* Sources */,
				4D59E37427D2965000CD9852 /* Frameworks */,
				4D59E37527D2965000CD9852 /* Resources */,
			);
			buildRules = (
			);
			dependencies = (
				4D59E37927D2965000CD9852 /* PBXTargetDependency */,
			);
			name = "Test AppUITests";
			productName = "Test AppUITests";
			productReference = 4D59E37727D2965000CD9852 /* Test AppUITests.xctest */;
			productType = "com.apple.product-type.bundle.ui-testing";
		};
/* End PBXNativeTarget section */

/* Begin PBXProject section */
		4D59E34F27D2964800CD9852 /* Project object */ = {
			isa = PBXProject;
			attributes = {
				BuildIndependentTargetsInParallel = 1;
				LastSwiftUpdateCheck = 1320;
				LastUpgradeCheck = 1320;
				TargetAttributes = {
					4D59E35627D2964800CD9852 = {
						CreatedOnToolsVersion = 13.2.1;
					};
					4D59E36C27D2965000CD9852 = {
						CreatedOnToolsVersion = 13.2.1;
						TestTargetID = 4D59E35627D2964800CD9852;
					};
					4D59E37627D2965000CD9852 = {
						CreatedOnToolsVersion = 13.2.1;
						TestTargetID = 4D59E35627D2964800CD9852;
					};
				};
			};
			buildConfigurationList = 4D59E35227D2964800CD9852 /* Build configuration list for PBXProject "Test App" */;
			compatibilityVersion = "Xcode 13.0";
			developmentRegion = en;
			hasScannedForEncodings = 0;
			knownRegions = (
				en,
				Base,
			);
			mainGroup = 4D59E34E27D2964800CD9852;
			productRefGroup = 4D59E35827D2964800CD9852 /* Products */;
			projectDirPath = "";
			projectRoot = "";
			targets = (
				4D59E35627D2964800CD9852 /* Test App */,
				4D59E36C27D2965000CD9852 /* Test AppTests */,
				4D59E37627D2965000CD9852 /* Test AppUITests */,
			);
		};
/* End PBXProject section */

/* Begin PBXResourcesBuildPhase section */
		4D59E35527D2964800CD9852 /* Resources */ = {
			isa = PBXResourcesBuildPhase;
			buildActionMask = 2147483647;
			files = (
				4D59E36727D2965000CD9852 /* LaunchScreen.storyboard in Resources */,
				8EC3367F2A3A5A6C0035B8F2 /* ProductPageView.xib in Resources */,
				4D59E36427D2965000CD9852 /* Assets.xcassets in Resources */,
				4D59E36227D2964800CD9852 /* Main.storyboard in Resources */,
			);
			runOnlyForDeploymentPostprocessing = 0;
		};
		4D59E36B27D2965000CD9852 /* Resources */ = {
			isa = PBXResourcesBuildPhase;
			buildActionMask = 2147483647;
			files = (
			);
			runOnlyForDeploymentPostprocessing = 0;
		};
		4D59E37527D2965000CD9852 /* Resources */ = {
			isa = PBXResourcesBuildPhase;
			buildActionMask = 2147483647;
			files = (
			);
			runOnlyForDeploymentPostprocessing = 0;
		};
/* End PBXResourcesBuildPhase section */

/* Begin PBXSourcesBuildPhase section */
		4D59E35327D2964800CD9852 /* Sources */ = {
			isa = PBXSourcesBuildPhase;
			buildActionMask = 2147483647;
			files = (
				8EC336712A3A51180035B8F2 /* ProfileModel.swift in Sources */,
				8EC336732A3A56260035B8F2 /* ProductModel.swift in Sources */,
				4D59E35F27D2964800CD9852 /* ViewController.swift in Sources */,
				4D59E35B27D2964800CD9852 /* AppDelegate.swift in Sources */,
				4D59E35D27D2964800CD9852 /* SceneDelegate.swift in Sources */,
				8EC3366F2A3A510C0035B8F2 /* ImagesModel.swift in Sources */,
				8EC3367D2A3A5A500035B8F2 /* ProductPageView.swift in Sources */,
				8EC336832A3A5D2D0035B8F2 /* FlipPageViewModel.swift in Sources */,
				8EC336762A3A56A00035B8F2 /* ServiceCalls.swift in Sources */,
				8EC336782A3A578A0035B8F2 /* Constants.swift in Sources */,
				8EC336812A3A5D030035B8F2 /* ProductPageViewModel.swift in Sources */,
			);
			runOnlyForDeploymentPostprocessing = 0;
		};
		4D59E36927D2965000CD9852 /* Sources */ = {
			isa = PBXSourcesBuildPhase;
			buildActionMask = 2147483647;
			files = (
				4D59E37227D2965000CD9852 /* Test_AppTests.swift in Sources */,
			);
			runOnlyForDeploymentPostprocessing = 0;
		};
		4D59E37327D2965000CD9852 /* Sources */ = {
			isa = PBXSourcesBuildPhase;
			buildActionMask = 2147483647;
			files = (
				4D59E37E27D2965000CD9852 /* Test_AppUITestsLaunchTests.swift in Sources */,
				4D59E37C27D2965000CD9852 /* Test_AppUITests.swift in Sources */,
			);
			runOnlyForDeploymentPostprocessing = 0;
		};
/* End PBXSourcesBuildPhase section */

/* Begin PBXTargetDependency section */
		4D59E36F27D2965000CD9852 /* PBXTargetDependency */ = {
			isa = PBXTargetDependency;
			target = 4D59E35627D2964800CD9852 /* Test App */;
			targetProxy = 4D59E36E27D2965000CD9852 /* PBXContainerItemProxy */;
		};
		4D59E37927D2965000CD9852 /* PBXTargetDependency */ = {
			isa = PBXTargetDependency;
			target = 4D59E35627D2964800CD9852 /* Test App */;
			targetProxy = 4D59E37827D2965000CD9852 /* PBXContainerItemProxy */;
		};
/* End PBXTargetDependency section */

/* Begin PBXVariantGroup section */
		4D59E36027D2964800CD9852 /* Main.storyboard */ = {
			isa = PBXVariantGroup;
			children = (
				4D59E36127D2964800CD9852 /* Base */,
			);
			name = Main.storyboard;
			sourceTree = "<group>";
		};
		4D59E36527D2965000CD9852 /* LaunchScreen.storyboard */ = {
			isa = PBXVariantGroup;
			children = (
				4D59E36627D2965000CD9852 /* Base */,
			);
			name = LaunchScreen.storyboard;
			sourceTree = "<group>";
		};
/* End PBXVariantGroup section */

/* Begin XCBuildConfiguration section */
		4D59E37F27D2965000CD9852 /* Debug */ = {
			isa = XCBuildConfiguration;
			buildSettings = {
				ALWAYS_SEARCH_USER_PATHS = NO;
				CLANG_ANALYZER_NONNULL = YES;
				CLANG_ANALYZER_NUMBER_OBJECT_CONVERSION = YES_AGGRESSIVE;
				CLANG_CXX_LANGUAGE_STANDARD = "gnu++17";
				CLANG_CXX_LIBRARY = "libc++";
				CLANG_ENABLE_MODULES = YES;
				CLANG_ENABLE_OBJC_ARC = YES;
				CLANG_ENABLE_OBJC_WEAK = YES;
				CLANG_WARN_BLOCK_CAPTURE_AUTORELEASING = YES;
				CLANG_WARN_BOOL_CONVERSION = YES;
				CLANG_WARN_COMMA = YES;
				CLANG_WARN_CONSTANT_CONVERSION = YES;
				CLANG_WARN_DEPRECATED_OBJC_IMPLEMENTATIONS = YES;
				CLANG_WARN_DIRECT_OBJC_ISA_USAGE = YES_ERROR;
				CLANG_WARN_DOCUMENTATION_COMMENTS = YES;
				CLANG_WARN_EMPTY_BODY = YES;
				CLANG_WARN_ENUM_CONVERSION = YES;
				CLANG_WARN_INFINITE_RECURSION = YES;
				CLANG_WARN_INT_CONVERSION = YES;
				CLANG_WARN_NON_LITERAL_NULL_CONVERSION = YES;
				CLANG_WARN_OBJC_IMPLICIT_RETAIN_SELF = YES;
				CLANG_WARN_OBJC_LITERAL_CONVERSION = YES;
				CLANG_WARN_OBJC_ROOT_CLASS = YES_ERROR;
				CLANG_WARN_QUOTED_INCLUDE_IN_FRAMEWORK_HEADER = YES;
				CLANG_WARN_RANGE_LOOP_ANALYSIS = YES;
				CLANG_WARN_STRICT_PROTOTYPES = YES;
				CLANG_WARN_SUSPICIOUS_MOVE = YES;
				CLANG_WARN_UNGUARDED_AVAILABILITY = YES_AGGRESSIVE;
				CLANG_WARN_UNREACHABLE_CODE = YES;
				CLANG_WARN__DUPLICATE_METHOD_MATCH = YES;
				COPY_PHASE_STRIP = NO;
				DEBUG_INFORMATION_FORMAT = dwarf;
				ENABLE_STRICT_OBJC_MSGSEND = YES;
				ENABLE_TESTABILITY = YES;
				GCC_C_LANGUAGE_STANDARD = gnu11;
				GCC_DYNAMIC_NO_PIC = NO;
				GCC_NO_COMMON_BLOCKS = YES;
				GCC_OPTIMIZATION_LEVEL = 0;
				GCC_PREPROCESSOR_DEFINITIONS = (
					"DEBUG=1",
					"$(inherited)",
				);
				GCC_WARN_64_TO_32_BIT_CONVERSION = YES;
				GCC_WARN_ABOUT_RETURN_TYPE = YES_ERROR;
				GCC_WARN_UNDECLARED_SELECTOR = YES;
				GCC_WARN_UNINITIALIZED_AUTOS = YES_AGGRESSIVE;
				GCC_WARN_UNUSED_FUNCTION = YES;
				GCC_WARN_UNUSED_VARIABLE = YES;
				IPHONEOS_DEPLOYMENT_TARGET = 15.2;
				MTL_ENABLE_DEBUG_INFO = INCLUDE_SOURCE;
				MTL_FAST_MATH = YES;
				ONLY_ACTIVE_ARCH = YES;
				SDKROOT = iphoneos;
				SWIFT_ACTIVE_COMPILATION_CONDITIONS = DEBUG;
				SWIFT_OPTIMIZATION_LEVEL = "-Onone";
			};
			name = Debug;
		};
		4D59E38027D2965000CD9852 /* Release */ = {
			isa = XCBuildConfiguration;
			buildSettings = {
				ALWAYS_SEARCH_USER_PATHS = NO;
				CLANG_ANALYZER_NONNULL = YES;
				CLANG_ANALYZER_NUMBER_OBJECT_CONVERSION = YES_AGGRESSIVE;
				CLANG_CXX_LANGUAGE_STANDARD = "gnu++17";
				CLANG_CXX_LIBRARY = "libc++";
				CLANG_ENABLE_MODULES = YES;
				CLANG_ENABLE_OBJC_ARC = YES;
				CLANG_ENABLE_OBJC_WEAK = YES;
				CLANG_WARN_BLOCK_CAPTURE_AUTORELEASING = YES;
				CLANG_WARN_BOOL_CONVERSION = YES;
				CLANG_WARN_COMMA = YES;
				CLANG_WARN_CONSTANT_CONVERSION = YES;
				CLANG_WARN_DEPRECATED_OBJC_IMPLEMENTATIONS = YES;
				CLANG_WARN_DIRECT_OBJC_ISA_USAGE = YES_ERROR;
				CLANG_WARN_DOCUMENTATION_COMMENTS = YES;
				CLANG_WARN_EMPTY_BODY = YES;
				CLANG_WARN_ENUM_CONVERSION = YES;
				CLANG_WARN_INFINITE_RECURSION = YES;
				CLANG_WARN_INT_CONVERSION = YES;
				CLANG_WARN_NON_LITERAL_NULL_CONVERSION = YES;
				CLANG_WARN_OBJC_IMPLICIT_RETAIN_SELF = YES;
				CLANG_WARN_OBJC_LITERAL_CONVERSION = YES;
				CLANG_WARN_OBJC_ROOT_CLASS = YES_ERROR;
				CLANG_WARN_QUOTED_INCLUDE_IN_FRAMEWORK_HEADER = YES;
				CLANG_WARN_RANGE_LOOP_ANALYSIS = YES;
				CLANG_WARN_STRICT_PROTOTYPES = YES;
				CLANG_WARN_SUSPICIOUS_MOVE = YES;
				CLANG_WARN_UNGUARDED_AVAILABILITY = YES_AGGRESSIVE;
				CLANG_WARN_UNREACHABLE_CODE = YES;
				CLANG_WARN__DUPLICATE_METHOD_MATCH = YES;
				COPY_PHASE_STRIP = NO;
				DEBUG_INFORMATION_FORMAT = "dwarf-with-dsym";
				ENABLE_NS_ASSERTIONS = NO;
				ENABLE_STRICT_OBJC_MSGSEND = YES;
				GCC_C_LANGUAGE_STANDARD = gnu11;
				GCC_NO_COMMON_BLOCKS = YES;
				GCC_WARN_64_TO_32_BIT_CONVERSION = YES;
				GCC_WARN_ABOUT_RETURN_TYPE = YES_ERROR;
				GCC_WARN_UNDECLARED_SELECTOR = YES;
				GCC_WARN_UNINITIALIZED_AUTOS = YES_AGGRESSIVE;
				GCC_WARN_UNUSED_FUNCTION = YES;
				GCC_WARN_UNUSED_VARIABLE = YES;
				IPHONEOS_DEPLOYMENT_TARGET = 15.2;
				MTL_ENABLE_DEBUG_INFO = NO;
				MTL_FAST_MATH = YES;
				SDKROOT = iphoneos;
				SWIFT_COMPILATION_MODE = wholemodule;
				SWIFT_OPTIMIZATION_LEVEL = "-O";
				VALIDATE_PRODUCT = YES;
			};
			name = Release;
		};
		4D59E38227D2965000CD9852 /* Debug */ = {
			isa = XCBuildConfiguration;
			buildSettings = {
				ASSETCATALOG_COMPILER_APPICON_NAME = AppIcon;
				ASSETCATALOG_COMPILER_GLOBAL_ACCENT_COLOR_NAME = AccentColor;
				CODE_SIGN_STYLE = Automatic;
				CURRENT_PROJECT_VERSION = 1;
				GENERATE_INFOPLIST_FILE = YES;
				INFOPLIST_FILE = "Test App/Info.plist";
				INFOPLIST_KEY_UIApplicationSupportsIndirectInputEvents = YES;
				INFOPLIST_KEY_UILaunchStoryboardName = LaunchScreen;
				INFOPLIST_KEY_UIMainStoryboardFile = Main;
				INFOPLIST_KEY_UISupportedInterfaceOrientations_iPad = "UIInterfaceOrientationPortrait UIInterfaceOrientationPortraitUpsideDown UIInterfaceOrientationLandscapeLeft UIInterfaceOrientationLandscapeRight";
				INFOPLIST_KEY_UISupportedInterfaceOrientations_iPhone = "UIInterfaceOrientationPortrait UIInterfaceOrientationLandscapeLeft UIInterfaceOrientationLandscapeRight";
				LD_RUNPATH_SEARCH_PATHS = (
					"$(inherited)",
					"@executable_path/Frameworks",
				);
				MARKETING_VERSION = 1.0;
				PRODUCT_BUNDLE_IDENTIFIER = "com.test.Test-App";
				PRODUCT_NAME = "$(TARGET_NAME)";
				SWIFT_EMIT_LOC_STRINGS = YES;
				SWIFT_VERSION = 5.0;
				TARGETED_DEVICE_FAMILY = "1,2";
			};
			name = Debug;
		};
		4D59E38327D2965000CD9852 /* Release */ = {
			isa = XCBuildConfiguration;
			buildSettings = {
				ASSETCATALOG_COMPILER_APPICON_NAME = AppIcon;
				ASSETCATALOG_COMPILER_GLOBAL_ACCENT_COLOR_NAME = AccentColor;
				CODE_SIGN_STYLE = Automatic;
				CURRENT_PROJECT_VERSION = 1;
				GENERATE_INFOPLIST_FILE = YES;
				INFOPLIST_FILE = "Test App/Info.plist";
				INFOPLIST_KEY_UIApplicationSupportsIndirectInputEvents = YES;
				INFOPLIST_KEY_UILaunchStoryboardName = LaunchScreen;
				INFOPLIST_KEY_UIMainStoryboardFile = Main;
				INFOPLIST_KEY_UISupportedInterfaceOrientations_iPad = "UIInterfaceOrientationPortrait UIInterfaceOrientationPortraitUpsideDown UIInterfaceOrientationLandscapeLeft UIInterfaceOrientationLandscapeRight";
				INFOPLIST_KEY_UISupportedInterfaceOrientations_iPhone = "UIInterfaceOrientationPortrait UIInterfaceOrientationLandscapeLeft UIInterfaceOrientationLandscapeRight";
				LD_RUNPATH_SEARCH_PATHS = (
					"$(inherited)",
					"@executable_path/Frameworks",
				);
				MARKETING_VERSION = 1.0;
				PRODUCT_BUNDLE_IDENTIFIER = "com.test.Test-App";
				PRODUCT_NAME = "$(TARGET_NAME)";
				SWIFT_EMIT_LOC_STRINGS = YES;
				SWIFT_VERSION = 5.0;
				TARGETED_DEVICE_FAMILY = "1,2";
			};
			name = Release;
		};
		4D59E38527D2965000CD9852 /* Debug */ = {
			isa = XCBuildConfiguration;
			buildSettings = {
				ALWAYS_EMBED_SWIFT_STANDARD_LIBRARIES = YES;
				BUNDLE_LOADER = "$(TEST_HOST)";
				CODE_SIGN_STYLE = Automatic;
				CURRENT_PROJECT_VERSION = 1;
				GENERATE_INFOPLIST_FILE = YES;
				IPHONEOS_DEPLOYMENT_TARGET = 15.2;
				MARKETING_VERSION = 1.0;
				PRODUCT_BUNDLE_IDENTIFIER = "com.test.Test-AppTests";
				PRODUCT_NAME = "$(TARGET_NAME)";
				SWIFT_EMIT_LOC_STRINGS = NO;
				SWIFT_VERSION = 5.0;
				TARGETED_DEVICE_FAMILY = "1,2";
				TEST_HOST = "$(BUILT_PRODUCTS_DIR)/Test App.app/Test App";
			};
			name = Debug;
		};
		4D59E38627D2965000CD9852 /* Release */ = {
			isa = XCBuildConfiguration;
			buildSettings = {
				ALWAYS_EMBED_SWIFT_STANDARD_LIBRARIES = YES;
				BUNDLE_LOADER = "$(TEST_HOST)";
				CODE_SIGN_STYLE = Automatic;
				CURRENT_PROJECT_VERSION = 1;
				GENERATE_INFOPLIST_FILE = YES;
				IPHONEOS_DEPLOYMENT_TARGET = 15.2;
				MARKETING_VERSION = 1.0;
				PRODUCT_BUNDLE_IDENTIFIER = "com.test.Test-AppTests";
				PRODUCT_NAME = "$(TARGET_NAME)";
				SWIFT_EMIT_LOC_STRINGS = NO;
				SWIFT_VERSION = 5.0;
				TARGETED_DEVICE_FAMILY = "1,2";
				TEST_HOST = "$(BUILT_PRODUCTS_DIR)/Test App.app/Test App";
			};
			name = Release;
		};
		4D59E38827D2965000CD9852 /* Debug */ = {
			isa = XCBuildConfiguration;
			buildSettings = {
				ALWAYS_EMBED_SWIFT_STANDARD_LIBRARIES = YES;
				CODE_SIGN_STYLE = Automatic;
				CURRENT_PROJECT_VERSION = 1;
				GENERATE_INFOPLIST_FILE = YES;
				MARKETING_VERSION = 1.0;
				PRODUCT_BUNDLE_IDENTIFIER = "com.test.Test-AppUITests";
				PRODUCT_NAME = "$(TARGET_NAME)";
				SWIFT_EMIT_LOC_STRINGS = NO;
				SWIFT_VERSION = 5.0;
				TARGETED_DEVICE_FAMILY = "1,2";
				TEST_TARGET_NAME = "Test App";
			};
			name = Debug;
		};
		4D59E38927D2965000CD9852 /* Release */ = {
			isa = XCBuildConfiguration;
			buildSettings = {
				ALWAYS_EMBED_SWIFT_STANDARD_LIBRARIES = YES;
				CODE_SIGN_STYLE = Automatic;
				CURRENT_PROJECT_VERSION = 1;
				GENERATE_INFOPLIST_FILE = YES;
				MARKETING_VERSION = 1.0;
				PRODUCT_BUNDLE_IDENTIFIER = "com.test.Test-AppUITests";
				PRODUCT_NAME = "$(TARGET_NAME)";
				SWIFT_EMIT_LOC_STRINGS = NO;
				SWIFT_VERSION = 5.0;
				TARGETED_DEVICE_FAMILY = "1,2";
				TEST_TARGET_NAME = "Test App";
			};
			name = Release;
		};
/* End XCBuildConfiguration section */

/* Begin XCConfigurationList section */
		4D59E35227D2964800CD9852 /* Build configuration list for PBXProject "Test App" */ = {
			isa = XCConfigurationList;
			buildConfigurations = (
				4D59E37F27D2965000CD9852 /* Debug */,
				4D59E38027D2965000CD9852 /* Release */,
			);
			defaultConfigurationIsVisible = 0;
			defaultConfigurationName = Release;
		};
		4D59E38127D2965000CD9852 /* Build configuration list for PBXNativeTarget "Test App" */ = {
			isa = XCConfigurationList;
			buildConfigurations = (
				4D59E38227D2965000CD9852 /* Debug */,
				4D59E38327D2965000CD9852 /* Release */,
			);
			defaultConfigurationIsVisible = 0;
			defaultConfigurationName = Release;
		};
		4D59E38427D2965000CD9852 /* Build configuration list for PBXNativeTarget "Test AppTests" */ = {
			isa = XCConfigurationList;
			buildConfigurations = (
				4D59E38527D2965000CD9852 /* Debug */,
				4D59E38627D2965000CD9852 /* Release */,
			);
			defaultConfigurationIsVisible = 0;
			defaultConfigurationName = Release;
		};
		4D59E38727D2965000CD9852 /* Build configuration list for PBXNativeTarget "Test AppUITests" */ = {
			isa = XCConfigurationList;
			buildConfigurations = (
				4D59E38827D2965000CD9852 /* Debug */,
				4D59E38927D2965000CD9852 /* Release */,
			);
			defaultConfigurationIsVisible = 0;
			defaultConfigurationName = Release;
		};
/* End XCConfigurationList section */
	};
	rootObject = 4D59E34F27D2964800CD9852 /* Project object */;
}
